
Microsoft Visual Studio Solution File, Format Version 12.00
# Visual Studio Version 17
VisualStudioVersion = 17.14.37027.9 d17.14
MinimumVisualStudioVersion = 10.0.40219.1
Project("{FAE04EC0-301F-11D3-BF4B-00C04F79EFBC}") = "Lab8", "Lab8\Lab8.csproj", "{5611C593-6B93-45AA-9269-406171B7A957}"
EndProject
Global
	GlobalSection(SolutionConfigurationPlatforms) = preSolution
		Debug|Any CPU = Debug|Any CPU
		Release|Any CPU = Release|Any CPU
	EndGlobalSection
	GlobalSection(ProjectConfigurationPlatforms) = postSolution
		{5611C593-6B93-45AA-9269-406171B7A957}.Debug|Any CPU.ActiveCfg = Debug|Any CPU
		{5611C593-6B93-45AA-9269-406171B7A957}.Debug|Any CPU.Build.0 = Debug|Any CPU
		{5611C593-6B93-45AA-9269-406171B7A957}.Release|Any CPU.ActiveCfg = Release|Any CPU
		{5611C593-6B93-45AA-9269-406171B7A957}.Release|Any CPU.Build.0 = Release|Any CPU
	EndGlobalSection
	GlobalSection(SolutionProperties) = preSolution
		HideSolutionNode = FALSE
	EndGlobalSection
	GlobalSection(ExtensibilityGlobals) = postSolution
		SolutionGuid = {5896EB6B-6C70-492B-A9D6-79FFFBA69240}
	EndGlobalSection
EndGlobal
